
Microsoft Visual Studio Solution File, Format Version 12.00
# Visual Studio Version 17
VisualStudioVersion = 17.4.33205.214
MinimumVisualStudioVersion = 10.0.40219.1
Project("{9A19103F-16F7-4668-BE54-9A1E7A4F7556}") = "ClipperUnity", "ClipperUnity\ClipperUnity.csproj", "{3480DB31-5497-451E-8F48-9C5E4B733657}"
EndProject
Project("{8BC9CEB8-8B4A-11D0-8D11-00A0C91BC942}") = "ClipperExport", "ClipperExport\ClipperExport.vcxproj", "{9C7893B0-0F54-474A-83A6-D21F1657921F}"
EndProject
Project("{FAE04EC0-301F-11D3-BF4B-00C04F79EFBC}") = "TestUnity", "TestUnity\TestUnity.csproj", "{2D11703F-B650-4177-9CBE-E60F11006A6A}"
EndProject
Global
	GlobalSection(SolutionConfigurationPlatforms) = preSolution
		Debug|Any CPU = Debug|Any CPU
		Debug|x64 = Debug|x64
		Debug|x86 = Debug|x86
		Release|Any CPU = Release|Any CPU
		Release|x64 = Release|x64
		Release|x86 = Release|x86
	EndGlobalSection
	GlobalSection(ProjectConfigurationPlatforms) = postSolution
		{3480DB31-5497-451E-8F48-9C5E4B733657}.Debug|Any CPU.ActiveCfg = Debug|Any CPU
		{3480DB31-5497-451E-8F48-9C5E4B733657}.Debug|Any CPU.Build.0 = Debug|Any CPU
		{3480DB31-5497-451E-8F48-9C5E4B733657}.Debug|x64.ActiveCfg = Debug|Any CPU
		{3480DB31-5497-451E-8F48-9C5E4B733657}.Debug|x64.Build.0 = Debug|Any CPU
		{3480DB31-5497-451E-8F48-9C5E4B733657}.Debug|x86.ActiveCfg = Debug|Any CPU
		{3480DB31-5497-451E-8F48-9C5E4B733657}.Debug|x86.Build.0 = Debug|Any CPU
		{3480DB31-5497-451E-8F48-9C5E4B733657}.Release|Any CPU.ActiveCfg = Release|Any CPU
		{3480DB31-5497-451E-8F48-9C5E4B733657}.Release|Any CPU.Build.0 = Release|Any CPU
		{3480DB31-5497-451E-8F48-9C5E4B733657}.Release|x64.ActiveCfg = Release|Any CPU
		{3480DB31-5497-451E-8F48-9C5E4B733657}.Release|x64.Build.0 = Release|Any CPU
		{3480DB31-5497-451E-8F48-9C5E4B733657}.Release|x86.ActiveCfg = Release|Any CPU
		{3480DB31-5497-451E-8F48-9C5E4B733657}.Release|x86.Build.0 = Release|Any CPU
		{9C7893B0-0F54-474A-83A6-D21F1657921F}.Debug|Any CPU.ActiveCfg = Debug|x64
		{9C7893B0-0F54-474A-83A6-D21F1657921F}.Debug|Any CPU.Build.0 = Debug|x64
		{9C7893B0-0F54-474A-83A6-D21F1657921F}.Debug|x64.ActiveCfg = Debug|x64
		{9C7893B0-0F54-474A-83A6-D21F1657921F}.Debug|x64.Build.0 = Debug|x64
		{9C7893B0-0F54-474A-83A6-D21F1657921F}.Debug|x86.ActiveCfg = Debug|Win32
		{9C7893B0-0F54-474A-83A6-D21F1657921F}.Debug|x86.Build.0 = Debug|Win32
		{9C7893B0-0F54-474A-83A6-D21F1657921F}.Release|Any CPU.ActiveCfg = Release|x64
		{9C7893B0-0F54-474A-83A6-D21F1657921F}.Release|Any CPU.Build.0 = Release|x64
		{9C7893B0-0F54-474A-83A6-D21F1657921F}.Release|x64.ActiveCfg = Release|x64
		{9C7893B0-0F54-474A-83A6-D21F1657921F}.Release|x64.Build.0 = Release|x64
		{9C7893B0-0F54-474A-83A6-D21F1657921F}.Release|x86.ActiveCfg = Release|Win32
		{9C7893B0-0F54-474A-83A6-D21F1657921F}.Release|x86.Build.0 = Release|Win32
		{2D11703F-B650-4177-9CBE-E60F11006A6A}.Debug|Any CPU.ActiveCfg = Debug|Any CPU
		{2D11703F-B650-4177-9CBE-E60F11006A6A}.Debug|Any CPU.Build.0 = Debug|Any CPU
		{2D11703F-B650-4177-9CBE-E60F11006A6A}.Debug|x64.ActiveCfg = Debug|Any CPU
		{2D11703F-B650-4177-9CBE-E60F11006A6A}.Debug|x64.Build.0 = Debug|Any CPU
		{2D11703F-B650-4177-9CBE-E60F11006A6A}.Debug|x86.ActiveCfg = Debug|Any CPU
		{2D11703F-B650-4177-9CBE-E60F11006A6A}.Debug|x86.Build.0 = Debug|Any CPU
		{2D11703F-B650-4177-9CBE-E60F11006A6A}.Release|Any CPU.ActiveCfg = Release|Any CPU
		{2D11703F-B650-4177-9CBE-E60F11006A6A}.Release|Any CPU.Build.0 = Release|Any CPU
		{2D11703F-B650-4177-9CBE-E60F11006A6A}.Release|x64.ActiveCfg = Release|Any CPU
		{2D11703F-B650-4177-9CBE-E60F11006A6A}.Release|x64.Build.0 = Release|Any CPU
		{2D11703F-B650-4177-9CBE-E60F11006A6A}.Release|x86.ActiveCfg = Release|Any CPU
		{2D11703F-B650-4177-9CBE-E60F11006A6A}.Release|x86.Build.0 = Release|Any CPU
	EndGlobalSection
	GlobalSection(SolutionProperties) = preSolution
		HideSolutionNode = FALSE
	EndGlobalSection
	GlobalSection(ExtensibilityGlobals) = postSolution
		SolutionGuid = {BD1B0399-08FD-46DE-A3F4-E81DE7648201}
	EndGlobalSection
EndGlobal
