
Microsoft Visual Studio Solution File, Format Version 12.00
# Visual Studio Version 17
VisualStudioVersion = 17.4.33205.214
MinimumVisualStudioVersion = 10.0.40219.1
Project("{FAE04EC0-301F-11D3-BF4B-00C04F79EFBC}") = "ClipperUnity", "ClipperUnity\ClipperUnity.csproj", "{3480DB31-5497-451E-8F48-9C5E4B733657}"
EndProject
Global
	GlobalSection(SolutionConfigurationPlatforms) = preSolution
		Debug|Any CPU = Debug|Any CPU
		Release|Any CPU = Release|Any CPU
	EndGlobalSection
	GlobalSection(ProjectConfigurationPlatforms) = postSolution
		{3480DB31-5497-451E-8F48-9C5E4B733657}.Debug|Any CPU.ActiveCfg = Debug|Any CPU
		{3480DB31-5497-451E-8F48-9C5E4B733657}.Debug|Any CPU.Build.0 = Debug|Any CPU
		{3480DB31-5497-451E-8F48-9C5E4B733657}.Release|Any CPU.ActiveCfg = Release|Any CPU
		{3480DB31-5497-451E-8F48-9C5E4B733657}.Release|Any CPU.Build.0 = Release|Any CPU
	EndGlobalSection
	GlobalSection(SolutionProperties) = preSolution
		HideSolutionNode = FALSE
	EndGlobalSection
	GlobalSection(ExtensibilityGlobals) = postSolution
		SolutionGuid = {BD1B0399-08FD-46DE-A3F4-E81DE7648201}
	EndGlobalSection
EndGlobal
